
Microsoft Visual Studio Solution File, Format Version 12.00
# Visual Studio Version 17
VisualStudioVersion = 17.11.35208.52
MinimumVisualStudioVersion = 10.0.40219.1
Project("{FAE04EC0-301F-11D3-BF4B-00C04F79EFBC}") = "Compras", "ConsoleApp1\Compras.csproj", "{CC3D5A0C-F755-4E4B-A696-23DFEBA6E705}"
EndProject
Global
	GlobalSection(SolutionConfigurationPlatforms) = preSolution
		Debug|Any CPU = Debug|Any CPU
		Release|Any CPU = Release|Any CPU
	EndGlobalSection
	GlobalSection(ProjectConfigurationPlatforms) = postSolution
		{CC3D5A0C-F755-4E4B-A696-23DFEBA6E705}.Debug|Any CPU.ActiveCfg = Debug|Any CPU
		{CC3D5A0C-F755-4E4B-A696-23DFEBA6E705}.Debug|Any CPU.Build.0 = Debug|Any CPU
		{CC3D5A0C-F755-4E4B-A696-23DFEBA6E705}.Release|Any CPU.ActiveCfg = Release|Any CPU
		{CC3D5A0C-F755-4E4B-A696-23DFEBA6E705}.Release|Any CPU.Build.0 = Release|Any CPU
	EndGlobalSection
	GlobalSection(SolutionProperties) = preSolution
		HideSolutionNode = FALSE
	EndGlobalSection
	GlobalSection(ExtensibilityGlobals) = postSolution
		SolutionGuid = {E00BB5B2-3F19-498A-85E2-1AC058D4B61A}
	EndGlobalSection
EndGlobal
