
Microsoft Visual Studio Solution File, Format Version 12.00
# Visual Studio Version 17
VisualStudioVersion = 17.9.34728.123
MinimumVisualStudioVersion = 10.0.40219.1
Project("{FAE04EC0-301F-11D3-BF4B-00C04F79EFBC}") = "Suma", "Suma\Suma.csproj", "{03EA062C-F13B-4E28-8530-4F2C445E4A86}"
EndProject
Global
	GlobalSection(SolutionConfigurationPlatforms) = preSolution
		Debug|Any CPU = Debug|Any CPU
		Release|Any CPU = Release|Any CPU
	EndGlobalSection
	GlobalSection(ProjectConfigurationPlatforms) = postSolution
		{03EA062C-F13B-4E28-8530-4F2C445E4A86}.Debug|Any CPU.ActiveCfg = Debug|Any CPU
		{03EA062C-F13B-4E28-8530-4F2C445E4A86}.Debug|Any CPU.Build.0 = Debug|Any CPU
		{03EA062C-F13B-4E28-8530-4F2C445E4A86}.Release|Any CPU.ActiveCfg = Release|Any CPU
		{03EA062C-F13B-4E28-8530-4F2C445E4A86}.Release|Any CPU.Build.0 = Release|Any CPU
	EndGlobalSection
	GlobalSection(SolutionProperties) = preSolution
		HideSolutionNode = FALSE
	EndGlobalSection
	GlobalSection(ExtensibilityGlobals) = postSolution
		SolutionGuid = {FE7C82A4-A020-4967-8190-9112083B5A67}
	EndGlobalSection
EndGlobal
