
Microsoft Visual Studio Solution File, Format Version 12.00
# Visual Studio Version 17
VisualStudioVersion = 17.9.34728.123
MinimumVisualStudioVersion = 10.0.40219.1
Project("{FAE04EC0-301F-11D3-BF4B-00C04F79EFBC}") = "AumentarSalario", "AumentarSalario\AumentarSalario.csproj", "{863C383B-0BFB-4BE2-A97F-450235F6B409}"
EndProject
Global
	GlobalSection(SolutionConfigurationPlatforms) = preSolution
		Debug|Any CPU = Debug|Any CPU
		Release|Any CPU = Release|Any CPU
	EndGlobalSection
	GlobalSection(ProjectConfigurationPlatforms) = postSolution
		{863C383B-0BFB-4BE2-A97F-450235F6B409}.Debug|Any CPU.ActiveCfg = Debug|Any CPU
		{863C383B-0BFB-4BE2-A97F-450235F6B409}.Debug|Any CPU.Build.0 = Debug|Any CPU
		{863C383B-0BFB-4BE2-A97F-450235F6B409}.Release|Any CPU.ActiveCfg = Release|Any CPU
		{863C383B-0BFB-4BE2-A97F-450235F6B409}.Release|Any CPU.Build.0 = Release|Any CPU
	EndGlobalSection
	GlobalSection(SolutionProperties) = preSolution
		HideSolutionNode = FALSE
	EndGlobalSection
	GlobalSection(ExtensibilityGlobals) = postSolution
		SolutionGuid = {3B6674D6-2519-406B-BA2D-03C43A1ADA48}
	EndGlobalSection
EndGlobal
